
Microsoft Visual Studio Solution File, Format Version 12.00
# Visual Studio Version 16
VisualStudioVersion = 16.0.29230.47
MinimumVisualStudioVersion = 10.0.40219.1
Project("{FAE04EC0-301F-11D3-BF4B-00C04F79EFBC}") = "FilterGenerator", "FilterGenerator\FilterGenerator.csproj", "{29F19A44-074F-45DC-8877-D9AB0A23B481}"
EndProject
Project("{FAE04EC0-301F-11D3-BF4B-00C04F79EFBC}") = "FilterGenLogic", "FilterGenLogic\FilterGenLogic.csproj", "{3CBA3113-DB56-4EBD-A90D-568A7B05F10C}"
EndProject
Project("{FAE04EC0-301F-11D3-BF4B-00C04F79EFBC}") = "Test", "Test\Test.csproj", "{FBC86356-1DB6-4366-B4FE-1B96A9655704}"
EndProject
Project("{FAE04EC0-301F-11D3-BF4B-00C04F79EFBC}") = "NWaveNetFrame", "NWaveNetFrame\NWaveNetFrame.csproj", "{F7997C04-E3F7-4A11-8B86-C04B1CE95EB8}"
EndProject
Project("{FAE04EC0-301F-11D3-BF4B-00C04F79EFBC}") = "AI", "..\..\..\..\PublicVersion\Test1\AINetFrame\AI\AI.csproj", "{165D777E-8A8E-450B-891A-9046913B6143}"
EndProject
Global
	GlobalSection(SolutionConfigurationPlatforms) = preSolution
		Debug|Any CPU = Debug|Any CPU
		Debug|x64 = Debug|x64
		Debug|x86 = Debug|x86
		Release|Any CPU = Release|Any CPU
		Release|x64 = Release|x64
		Release|x86 = Release|x86
	EndGlobalSection
	GlobalSection(ProjectConfigurationPlatforms) = postSolution
		{29F19A44-074F-45DC-8877-D9AB0A23B481}.Debug|Any CPU.ActiveCfg = Debug|Any CPU
		{29F19A44-074F-45DC-8877-D9AB0A23B481}.Debug|Any CPU.Build.0 = Debug|Any CPU
		{29F19A44-074F-45DC-8877-D9AB0A23B481}.Debug|x64.ActiveCfg = Debug|Any CPU
		{29F19A44-074F-45DC-8877-D9AB0A23B481}.Debug|x64.Build.0 = Debug|Any CPU
		{29F19A44-074F-45DC-8877-D9AB0A23B481}.Debug|x86.ActiveCfg = Debug|Any CPU
		{29F19A44-074F-45DC-8877-D9AB0A23B481}.Debug|x86.Build.0 = Debug|Any CPU
		{29F19A44-074F-45DC-8877-D9AB0A23B481}.Release|Any CPU.ActiveCfg = Release|Any CPU
		{29F19A44-074F-45DC-8877-D9AB0A23B481}.Release|Any CPU.Build.0 = Release|Any CPU
		{29F19A44-074F-45DC-8877-D9AB0A23B481}.Release|x64.ActiveCfg = Release|Any CPU
		{29F19A44-074F-45DC-8877-D9AB0A23B481}.Release|x64.Build.0 = Release|Any CPU
		{29F19A44-074F-45DC-8877-D9AB0A23B481}.Release|x86.ActiveCfg = Release|Any CPU
		{29F19A44-074F-45DC-8877-D9AB0A23B481}.Release|x86.Build.0 = Release|Any CPU
		{3CBA3113-DB56-4EBD-A90D-568A7B05F10C}.Debug|Any CPU.ActiveCfg = Debug|Any CPU
		{3CBA3113-DB56-4EBD-A90D-568A7B05F10C}.Debug|Any CPU.Build.0 = Debug|Any CPU
		{3CBA3113-DB56-4EBD-A90D-568A7B05F10C}.Debug|x64.ActiveCfg = Debug|Any CPU
		{3CBA3113-DB56-4EBD-A90D-568A7B05F10C}.Debug|x64.Build.0 = Debug|Any CPU
		{3CBA3113-DB56-4EBD-A90D-568A7B05F10C}.Debug|x86.ActiveCfg = Debug|Any CPU
		{3CBA3113-DB56-4EBD-A90D-568A7B05F10C}.Debug|x86.Build.0 = Debug|Any CPU
		{3CBA3113-DB56-4EBD-A90D-568A7B05F10C}.Release|Any CPU.ActiveCfg = Release|Any CPU
		{3CBA3113-DB56-4EBD-A90D-568A7B05F10C}.Release|Any CPU.Build.0 = Release|Any CPU
		{3CBA3113-DB56-4EBD-A90D-568A7B05F10C}.Release|x64.ActiveCfg = Release|Any CPU
		{3CBA3113-DB56-4EBD-A90D-568A7B05F10C}.Release|x64.Build.0 = Release|Any CPU
		{3CBA3113-DB56-4EBD-A90D-568A7B05F10C}.Release|x86.ActiveCfg = Release|Any CPU
		{3CBA3113-DB56-4EBD-A90D-568A7B05F10C}.Release|x86.Build.0 = Release|Any CPU
		{FBC86356-1DB6-4366-B4FE-1B96A9655704}.Debug|Any CPU.ActiveCfg = Debug|Any CPU
		{FBC86356-1DB6-4366-B4FE-1B96A9655704}.Debug|Any CPU.Build.0 = Debug|Any CPU
		{FBC86356-1DB6-4366-B4FE-1B96A9655704}.Debug|x64.ActiveCfg = Debug|Any CPU
		{FBC86356-1DB6-4366-B4FE-1B96A9655704}.Debug|x64.Build.0 = Debug|Any CPU
		{FBC86356-1DB6-4366-B4FE-1B96A9655704}.Debug|x86.ActiveCfg = Debug|Any CPU
		{FBC86356-1DB6-4366-B4FE-1B96A9655704}.Debug|x86.Build.0 = Debug|Any CPU
		{FBC86356-1DB6-4366-B4FE-1B96A9655704}.Release|Any CPU.ActiveCfg = Release|Any CPU
		{FBC86356-1DB6-4366-B4FE-1B96A9655704}.Release|Any CPU.Build.0 = Release|Any CPU
		{FBC86356-1DB6-4366-B4FE-1B96A9655704}.Release|x64.ActiveCfg = Release|Any CPU
		{FBC86356-1DB6-4366-B4FE-1B96A9655704}.Release|x64.Build.0 = Release|Any CPU
		{FBC86356-1DB6-4366-B4FE-1B96A9655704}.Release|x86.ActiveCfg = Release|Any CPU
		{FBC86356-1DB6-4366-B4FE-1B96A9655704}.Release|x86.Build.0 = Release|Any CPU
		{F7997C04-E3F7-4A11-8B86-C04B1CE95EB8}.Debug|Any CPU.ActiveCfg = Debug|Any CPU
		{F7997C04-E3F7-4A11-8B86-C04B1CE95EB8}.Debug|Any CPU.Build.0 = Debug|Any CPU
		{F7997C04-E3F7-4A11-8B86-C04B1CE95EB8}.Debug|x64.ActiveCfg = Debug|Any CPU
		{F7997C04-E3F7-4A11-8B86-C04B1CE95EB8}.Debug|x64.Build.0 = Debug|Any CPU
		{F7997C04-E3F7-4A11-8B86-C04B1CE95EB8}.Debug|x86.ActiveCfg = Debug|Any CPU
		{F7997C04-E3F7-4A11-8B86-C04B1CE95EB8}.Debug|x86.Build.0 = Debug|Any CPU
		{F7997C04-E3F7-4A11-8B86-C04B1CE95EB8}.Release|Any CPU.ActiveCfg = Release|Any CPU
		{F7997C04-E3F7-4A11-8B86-C04B1CE95EB8}.Release|Any CPU.Build.0 = Release|Any CPU
		{F7997C04-E3F7-4A11-8B86-C04B1CE95EB8}.Release|x64.ActiveCfg = Release|Any CPU
		{F7997C04-E3F7-4A11-8B86-C04B1CE95EB8}.Release|x64.Build.0 = Release|Any CPU
		{F7997C04-E3F7-4A11-8B86-C04B1CE95EB8}.Release|x86.ActiveCfg = Release|Any CPU
		{F7997C04-E3F7-4A11-8B86-C04B1CE95EB8}.Release|x86.Build.0 = Release|Any CPU
		{165D777E-8A8E-450B-891A-9046913B6143}.Debug|Any CPU.ActiveCfg = Debug|Any CPU
		{165D777E-8A8E-450B-891A-9046913B6143}.Debug|Any CPU.Build.0 = Debug|Any CPU
		{165D777E-8A8E-450B-891A-9046913B6143}.Debug|x64.ActiveCfg = Debug|x64
		{165D777E-8A8E-450B-891A-9046913B6143}.Debug|x64.Build.0 = Debug|x64
		{165D777E-8A8E-450B-891A-9046913B6143}.Debug|x86.ActiveCfg = Debug|x86
		{165D777E-8A8E-450B-891A-9046913B6143}.Debug|x86.Build.0 = Debug|x86
		{165D777E-8A8E-450B-891A-9046913B6143}.Release|Any CPU.ActiveCfg = Release|Any CPU
		{165D777E-8A8E-450B-891A-9046913B6143}.Release|Any CPU.Build.0 = Release|Any CPU
		{165D777E-8A8E-450B-891A-9046913B6143}.Release|x64.ActiveCfg = Release|x64
		{165D777E-8A8E-450B-891A-9046913B6143}.Release|x64.Build.0 = Release|x64
		{165D777E-8A8E-450B-891A-9046913B6143}.Release|x86.ActiveCfg = Release|x86
		{165D777E-8A8E-450B-891A-9046913B6143}.Release|x86.Build.0 = Release|x86
	EndGlobalSection
	GlobalSection(SolutionProperties) = preSolution
		HideSolutionNode = FALSE
	EndGlobalSection
	GlobalSection(ExtensibilityGlobals) = postSolution
		SolutionGuid = {0AD35C33-27A7-4B9A-A21A-509FB0523B48}
	EndGlobalSection
EndGlobal
